// !$*UTF8*$!
{
	archiveVersion = 1;
	classes = {
	};
	objectVersion = 46;
	objects = {

/* Begin PBXBuildFile section */
		FBE4EB021E4F552D008E1225 /* AppDelegate.swift in Sources */ = {isa = PBXBuildFile; fileRef = FBE4EB011E4F552D008E1225 /* AppDelegate.swift */; };
		FBE4EB071E4F552D008E1225 /* Main.storyboard in Resources */ = {isa = PBXBuildFile; fileRef = FBE4EB051E4F552D008E1225 /* Main.storyboard */; };
		FBE4EB0A1E4F552D008E1225 /* RSSFeeder.xcdatamodeld in Sources */ = {isa = PBXBuildFile; fileRef = FBE4EB081E4F552D008E1225 /* RSSFeeder.xcdatamodeld */; };
		FBE4EB0C1E4F552D008E1225 /* Assets.xcassets in Resources */ = {isa = PBXBuildFile; fileRef = FBE4EB0B1E4F552D008E1225 /* Assets.xcassets */; };
		FBE4EB0F1E4F552D008E1225 /* LaunchScreen.storyboard in Resources */ = {isa = PBXBuildFile; fileRef = FBE4EB0D1E4F552D008E1225 /* LaunchScreen.storyboard */; };
		FBE4EB1A1E4F552E008E1225 /* RSSFeederTests.swift in Sources */ = {isa = PBXBuildFile; fileRef = FBE4EB191E4F552E008E1225 /* RSSFeederTests.swift */; };
		FBE4EB251E4F552E008E1225 /* RSSFeederUITests.swift in Sources */ = {isa = PBXBuildFile; fileRef = FBE4EB241E4F552E008E1225 /* RSSFeederUITests.swift */; };
		FBE4EB341E4F556E008E1225 /* FeedsModel.swift in Sources */ = {isa = PBXBuildFile; fileRef = FBE4EB321E4F556E008E1225 /* FeedsModel.swift */; };
		FBE4EB351E4F556E008E1225 /* ParserFeed.swift in Sources */ = {isa = PBXBuildFile; fileRef = FBE4EB331E4F556E008E1225 /* ParserFeed.swift */; };
		FBE4EB371E4F55DA008E1225 /* FeedKit.framework in Frameworks */ = {isa = PBXBuildFile; fileRef = FBE4EB361E4F55DA008E1225 /* FeedKit.framework */; };
		FBE4EB391E4F58CA008E1225 /* FeedKit.framework in Embed Frameworks */ = {isa = PBXBuildFile; fileRef = FBE4EB361E4F55DA008E1225 /* FeedKit.framework */; settings = {ATTRIBUTES = (CodeSignOnCopy, RemoveHeadersOnCopy, ); }; };
		FBE4EB3C1E507CE0008E1225 /* AllFeedTableViewController.swift in Sources */ = {isa = PBXBuildFile; fileRef = FBE4EB3B1E507CE0008E1225 /* AllFeedTableViewController.swift */; };
		FBE4EB3E1E507FB6008E1225 /* PostTableViewCell.swift in Sources */ = {isa = PBXBuildFile; fileRef = FBE4EB3D1E507FB6008E1225 /* PostTableViewCell.swift */; };
		FBE4EB401E508D07008E1225 /* FavoriteTableViewController.swift in Sources */ = {isa = PBXBuildFile; fileRef = FBE4EB3F1E508D07008E1225 /* FavoriteTableViewController.swift */; };
		FBE4EB421E509BF5008E1225 /* FeedsTableViewController.swift in Sources */ = {isa = PBXBuildFile; fileRef = FBE4EB411E509BF5008E1225 /* FeedsTableViewController.swift */; };
/* End PBXBuildFile section */

/* Begin PBXContainerItemProxy section */
		FBE4EB161E4F552E008E1225 /* PBXContainerItemProxy */ = {
			isa = PBXContainerItemProxy;
			containerPortal = FBE4EAF61E4F552D008E1225 /* Project object */;
			proxyType = 1;
			remoteGlobalIDString = FBE4EAFD1E4F552D008E1225;
			remoteInfo = RSSFeeder;
		};
		FBE4EB211E4F552E008E1225 /* PBXContainerItemProxy */ = {
			isa = PBXContainerItemProxy;
			containerPortal = FBE4EAF61E4F552D008E1225 /* Project object */;
			proxyType = 1;
			remoteGlobalIDString = FBE4EAFD1E4F552D008E1225;
			remoteInfo = RSSFeeder;
		};
/* End PBXContainerItemProxy section */

/* Begin PBXCopyFilesBuildPhase section */
		FBE4EB3A1E4F58CA008E1225 /* Embed Frameworks */ = {
			isa = PBXCopyFilesBuildPhase;
			buildActionMask = 2147483647;
			dstPath = "";
			dstSubfolderSpec = 10;
			files = (
				FBE4EB391E4F58CA008E1225 /* FeedKit.framework in Embed Frameworks */,
			);
			name = "Embed Frameworks";
			runOnlyForDeploymentPostprocessing = 0;
		};
/* End PBXCopyFilesBuildPhase section */

/* Begin PBXFileReference section */
		FBE4EAFE1E4F552D008E1225 /* RSSFeeder.app */ = {isa = PBXFileReference; explicitFileType = wrapper.application; includeInIndex = 0; path = RSSFeeder.app; sourceTree = BUILT_PRODUCTS_DIR; };
		FBE4EB011E4F552D008E1225 /* AppDelegate.swift */ = {isa = PBXFileReference; lastKnownFileType = sourcecode.swift; path = AppDelegate.swift; sourceTree = "<group>"; };
		FBE4EB061E4F552D008E1225 /* Base */ = {isa = PBXFileReference; lastKnownFileType = file.storyboard; name = Base; path = Base.lproj/Main.storyboard; sourceTree = "<group>"; };
		FBE4EB091E4F552D008E1225 /* RSSFeeder.xcdatamodel */ = {isa = PBXFileReference; lastKnownFileType = wrapper.xcdatamodel; path = RSSFeeder.xcdatamodel; sourceTree = "<group>"; };
		FBE4EB0B1E4F552D008E1225 /* Assets.xcassets */ = {isa = PBXFileReference; lastKnownFileType = folder.assetcatalog; path = Assets.xcassets; sourceTree = "<group>"; };
		FBE4EB0E1E4F552D008E1225 /* Base */ = {isa = PBXFileReference; lastKnownFileType = file.storyboard; name = Base; path = Base.lproj/LaunchScreen.storyboard; sourceTree = "<group>"; };
		FBE4EB101E4F552D008E1225 /* Info.plist */ = {isa = PBXFileReference; lastKnownFileType = text.plist.xml; path = Info.plist; sourceTree = "<group>"; };
		FBE4EB151E4F552E008E1225 /* RSSFeederTests.xctest */ = {isa = PBXFileReference; explicitFileType = wrapper.cfbundle; includeInIndex = 0; path = RSSFeederTests.xctest; sourceTree = BUILT_PRODUCTS_DIR; };
		FBE4EB191E4F552E008E1225 /* RSSFeederTests.swift */ = {isa = PBXFileReference; lastKnownFileType = sourcecode.swift; path = RSSFeederTests.swift; sourceTree = "<group>"; };
		FBE4EB1B1E4F552E008E1225 /* Info.plist */ = {isa = PBXFileReference; lastKnownFileType = text.plist.xml; path = Info.plist; sourceTree = "<group>"; };
		FBE4EB201E4F552E008E1225 /* RSSFeederUITests.xctest */ = {isa = PBXFileReference; explicitFileType = wrapper.cfbundle; includeInIndex = 0; path = RSSFeederUITests.xctest; sourceTree = BUILT_PRODUCTS_DIR; };
		FBE4EB241E4F552E008E1225 /* RSSFeederUITests.swift */ = {isa = PBXFileReference; lastKnownFileType = sourcecode.swift; path = RSSFeederUITests.swift; sourceTree = "<group>"; };
		FBE4EB261E4F552E008E1225 /* Info.plist */ = {isa = PBXFileReference; lastKnownFileType = text.plist.xml; path = Info.plist; sourceTree = "<group>"; };
		FBE4EB321E4F556E008E1225 /* FeedsModel.swift */ = {isa = PBXFileReference; fileEncoding = 4; lastKnownFileType = sourcecode.swift; path = FeedsModel.swift; sourceTree = "<group>"; };
		FBE4EB331E4F556E008E1225 /* ParserFeed.swift */ = {isa = PBXFileReference; fileEncoding = 4; lastKnownFileType = sourcecode.swift; path = ParserFeed.swift; sourceTree = "<group>"; };
		FBE4EB361E4F55DA008E1225 /* FeedKit.framework */ = {isa = PBXFileReference; lastKnownFileType = wrapper.framework; path = FeedKit.framework; sourceTree = "<group>"; };
		FBE4EB3B1E507CE0008E1225 /* AllFeedTableViewController.swift */ = {isa = PBXFileReference; fileEncoding = 4; lastKnownFileType = sourcecode.swift; path = AllFeedTableViewController.swift; sourceTree = "<group>"; };
		FBE4EB3D1E507FB6008E1225 /* PostTableViewCell.swift */ = {isa = PBXFileReference; fileEncoding = 4; lastKnownFileType = sourcecode.swift; path = PostTableViewCell.swift; sourceTree = "<group>"; };
		FBE4EB3F1E508D07008E1225 /* FavoriteTableViewController.swift */ = {isa = PBXFileReference; fileEncoding = 4; lastKnownFileType = sourcecode.swift; path = FavoriteTableViewController.swift; sourceTree = "<group>"; };
		FBE4EB411E509BF5008E1225 /* FeedsTableViewController.swift */ = {isa = PBXFileReference; fileEncoding = 4; lastKnownFileType = sourcecode.swift; path = FeedsTableViewController.swift; sourceTree = "<group>"; };
/* End PBXFileReference section */

/* Begin PBXFrameworksBuildPhase section */
		FBE4EAFB1E4F552D008E1225 /* Frameworks */ = {
			isa = PBXFrameworksBuildPhase;
			buildActionMask = 2147483647;
			files = (
				FBE4EB371E4F55DA008E1225 /* FeedKit.framework in Frameworks */,
			);
			runOnlyForDeploymentPostprocessing = 0;
		};
		FBE4EB121E4F552E008E1225 /* Frameworks */ = {
			isa = PBXFrameworksBuildPhase;
			buildActionMask = 2147483647;
			files = (
			);
			runOnlyForDeploymentPostprocessing = 0;
		};
		FBE4EB1D1E4F552E008E1225 /* Frameworks */ = {
			isa = PBXFrameworksBuildPhase;
			buildActionMask = 2147483647;
			files = (
			);
			runOnlyForDeploymentPostprocessing = 0;
		};
/* End PBXFrameworksBuildPhase section */

/* Begin PBXGroup section */
		FBE4EAF51E4F552D008E1225 = {
			isa = PBXGroup;
			children = (
				FBE4EB001E4F552D008E1225 /* RSSFeeder */,
				FBE4EB181E4F552E008E1225 /* RSSFeederTests */,
				FBE4EB231E4F552E008E1225 /* RSSFeederUITests */,
				FBE4EAFF1E4F552D008E1225 /* Products */,
			);
			sourceTree = "<group>";
		};
		FBE4EAFF1E4F552D008E1225 /* Products */ = {
			isa = PBXGroup;
			children = (
				FBE4EAFE1E4F552D008E1225 /* RSSFeeder.app */,
				FBE4EB151E4F552E008E1225 /* RSSFeederTests.xctest */,
				FBE4EB201E4F552E008E1225 /* RSSFeederUITests.xctest */,
			);
			name = Products;
			sourceTree = "<group>";
		};
		FBE4EB001E4F552D008E1225 /* RSSFeeder */ = {
			isa = PBXGroup;
			children = (
				FBE4EB3B1E507CE0008E1225 /* AllFeedTableViewController.swift */,
				FBE4EB3F1E508D07008E1225 /* FavoriteTableViewController.swift */,
				FBE4EB3D1E507FB6008E1225 /* PostTableViewCell.swift */,
				FBE4EB411E509BF5008E1225 /* FeedsTableViewController.swift */,
				FBE4EB331E4F556E008E1225 /* ParserFeed.swift */,
				FBE4EB051E4F552D008E1225 /* Main.storyboard */,
				FBE4EB361E4F55DA008E1225 /* FeedKit.framework */,
				FBE4EB441E51A691008E1225 /* CoreData */,
				FBE4EB431E519B5F008E1225 /* Supporting Files */,
			);
			path = RSSFeeder;
			sourceTree = "<group>";
		};
		FBE4EB181E4F552E008E1225 /* RSSFeederTests */ = {
			isa = PBXGroup;
			children = (
				FBE4EB191E4F552E008E1225 /* RSSFeederTests.swift */,
				FBE4EB1B1E4F552E008E1225 /* Info.plist */,
			);
			path = RSSFeederTests;
			sourceTree = "<group>";
		};
		FBE4EB231E4F552E008E1225 /* RSSFeederUITests */ = {
			isa = PBXGroup;
			children = (
				FBE4EB241E4F552E008E1225 /* RSSFeederUITests.swift */,
				FBE4EB261E4F552E008E1225 /* Info.plist */,
			);
			path = RSSFeederUITests;
			sourceTree = "<group>";
		};
		FBE4EB431E519B5F008E1225 /* Supporting Files */ = {
			isa = PBXGroup;
			children = (
				FBE4EB011E4F552D008E1225 /* AppDelegate.swift */,
				FBE4EB0B1E4F552D008E1225 /* Assets.xcassets */,
				FBE4EB0D1E4F552D008E1225 /* LaunchScreen.storyboard */,
				FBE4EB101E4F552D008E1225 /* Info.plist */,
			);
			name = "Supporting Files";
			sourceTree = "<group>";
		};
		FBE4EB441E51A691008E1225 /* CoreData */ = {
			isa = PBXGroup;
			children = (
				FBE4EB321E4F556E008E1225 /* FeedsModel.swift */,
				FBE4EB081E4F552D008E1225 /* RSSFeeder.xcdatamodeld */,
			);
			name = CoreData;
			sourceTree = "<group>";
		};
/* End PBXGroup section */

/* Begin PBXNativeTarget section */
		FBE4EAFD1E4F552D008E1225 /* RSSFeeder */ = {
			isa = PBXNativeTarget;
			buildConfigurationList = FBE4EB291E4F552E008E1225 /* Build configuration list for PBXNativeTarget "RSSFeeder" */;
			buildPhases = (
				FBE4EAFA1E4F552D008E1225 /* Sources */,
				FBE4EAFB1E4F552D008E1225 /* Frameworks */,
				FBE4EAFC1E4F552D008E1225 /* Resources */,
				FBE4EB3A1E4F58CA008E1225 /* Embed Frameworks */,
			);
			buildRules = (
			);
			dependencies = (
			);
			name = RSSFeeder;
			productName = RSSFeeder;
			productReference = FBE4EAFE1E4F552D008E1225 /* RSSFeeder.app */;
			productType = "com.apple.product-type.application";
		};
		FBE4EB141E4F552E008E1225 /* RSSFeederTests */ = {
			isa = PBXNativeTarget;
			buildConfigurationList = FBE4EB2C1E4F552E008E1225 /* Build configuration list for PBXNativeTarget "RSSFeederTests" */;
			buildPhases = (
				FBE4EB111E4F552E008E1225 /* Sources */,
				FBE4EB121E4F552E008E1225 /* Frameworks */,
				FBE4EB131E4F552E008E1225 /* Resources */,
			);
			buildRules = (
			);
			dependencies = (
				FBE4EB171E4F552E008E1225 /* PBXTargetDependency */,
			);
			name = RSSFeederTests;
			productName = RSSFeederTests;
			productReference = FBE4EB151E4F552E008E1225 /* RSSFeederTests.xctest */;
			productType = "com.apple.product-type.bundle.unit-test";
		};
		FBE4EB1F1E4F552E008E1225 /* RSSFeederUITests */ = {
			isa = PBXNativeTarget;
			buildConfigurationList = FBE4EB2F1E4F552E008E1225 /* Build configuration list for PBXNativeTarget "RSSFeederUITests" */;
			buildPhases = (
				FBE4EB1C1E4F552E008E1225 /* Sources */,
				FBE4EB1D1E4F552E008E1225 /* Frameworks */,
				FBE4EB1E1E4F552E008E1225 /* Resources */,
			);
			buildRules = (
			);
			dependencies = (
				FBE4EB221E4F552E008E1225 /* PBXTargetDependency */,
			);
			name = RSSFeederUITests;
			productName = RSSFeederUITests;
			productReference = FBE4EB201E4F552E008E1225 /* RSSFeederUITests.xctest */;
			productType = "com.apple.product-type.bundle.ui-testing";
		};
/* End PBXNativeTarget section */

/* Begin PBXProject section */
		FBE4EAF61E4F552D008E1225 /* Project object */ = {
			isa = PBXProject;
			attributes = {
				LastSwiftUpdateCheck = 0820;
				LastUpgradeCheck = 0820;
				ORGANIZATIONNAME = "Антон Рыскалев";
				TargetAttributes = {
					FBE4EAFD1E4F552D008E1225 = {
						CreatedOnToolsVersion = 8.2.1;
						DevelopmentTeam = WXQWHGM435;
						ProvisioningStyle = Automatic;
					};
					FBE4EB141E4F552E008E1225 = {
						CreatedOnToolsVersion = 8.2.1;
						DevelopmentTeam = WXQWHGM435;
						ProvisioningStyle = Automatic;
						TestTargetID = FBE4EAFD1E4F552D008E1225;
					};
					FBE4EB1F1E4F552E008E1225 = {
						CreatedOnToolsVersion = 8.2.1;
						DevelopmentTeam = WXQWHGM435;
						ProvisioningStyle = Automatic;
						TestTargetID = FBE4EAFD1E4F552D008E1225;
					};
				};
			};
			buildConfigurationList = FBE4EAF91E4F552D008E1225 /* Build configuration list for PBXProject "RSSFeeder" */;
			compatibilityVersion = "Xcode 3.2";
			developmentRegion = English;
			hasScannedForEncodings = 0;
			knownRegions = (
				en,
				Base,
			);
			mainGroup = FBE4EAF51E4F552D008E1225;
			productRefGroup = FBE4EAFF1E4F552D008E1225 /* Products */;
			projectDirPath = "";
			projectRoot = "";
			targets = (
				FBE4EAFD1E4F552D008E1225 /* RSSFeeder */,
				FBE4EB141E4F552E008E1225 /* RSSFeederTests */,
				FBE4EB1F1E4F552E008E1225 /* RSSFeederUITests */,
			);
		};
/* End PBXProject section */

/* Begin PBXResourcesBuildPhase section */
		FBE4EAFC1E4F552D008E1225 /* Resources */ = {
			isa = PBXResourcesBuildPhase;
			buildActionMask = 2147483647;
			files = (
				FBE4EB0F1E4F552D008E1225 /* LaunchScreen.storyboard in Resources */,
				FBE4EB0C1E4F552D008E1225 /* Assets.xcassets in Resources */,
				FBE4EB071E4F552D008E1225 /* Main.storyboard in Resources */,
			);
			runOnlyForDeploymentPostprocessing = 0;
		};
		FBE4EB131E4F552E008E1225 /* Resources */ = {
			isa = PBXResourcesBuildPhase;
			buildActionMask = 2147483647;
			files = (
			);
			runOnlyForDeploymentPostprocessing = 0;
		};
		FBE4EB1E1E4F552E008E1225 /* Resources */ = {
			isa = PBXResourcesBuildPhase;
			buildActionMask = 2147483647;
			files = (
			);
			runOnlyForDeploymentPostprocessing = 0;
		};
/* End PBXResourcesBuildPhase section */

/* Begin PBXSourcesBuildPhase section */
		FBE4EAFA1E4F552D008E1225 /* Sources */ = {
			isa = PBXSourcesBuildPhase;
			buildActionMask = 2147483647;
			files = (
				FBE4EB3E1E507FB6008E1225 /* PostTableViewCell.swift in Sources */,
				FBE4EB401E508D07008E1225 /* FavoriteTableViewController.swift in Sources */,
				FBE4EB021E4F552D008E1225 /* AppDelegate.swift in Sources */,
				FBE4EB3C1E507CE0008E1225 /* AllFeedTableViewController.swift in Sources */,
				FBE4EB351E4F556E008E1225 /* ParserFeed.swift in Sources */,
				FBE4EB0A1E4F552D008E1225 /* RSSFeeder.xcdatamodeld in Sources */,
				FBE4EB421E509BF5008E1225 /* FeedsTableViewController.swift in Sources */,
				FBE4EB341E4F556E008E1225 /* FeedsModel.swift in Sources */,
			);
			runOnlyForDeploymentPostprocessing = 0;
		};
		FBE4EB111E4F552E008E1225 /* Sources */ = {
			isa = PBXSourcesBuildPhase;
			buildActionMask = 2147483647;
			files = (
				FBE4EB1A1E4F552E008E1225 /* RSSFeederTests.swift in Sources */,
			);
			runOnlyForDeploymentPostprocessing = 0;
		};
		FBE4EB1C1E4F552E008E1225 /* Sources */ = {
			isa = PBXSourcesBuildPhase;
			buildActionMask = 2147483647;
			files = (
				FBE4EB251E4F552E008E1225 /* RSSFeederUITests.swift in Sources */,
			);
			runOnlyForDeploymentPostprocessing = 0;
		};
/* End PBXSourcesBuildPhase section */

/* Begin PBXTargetDependency section */
		FBE4EB171E4F552E008E1225 /* PBXTargetDependency */ = {
			isa = PBXTargetDependency;
			target = FBE4EAFD1E4F552D008E1225 /* RSSFeeder */;
			targetProxy = FBE4EB161E4F552E008E1225 /* PBXContainerItemProxy */;
		};
		FBE4EB221E4F552E008E1225 /* PBXTargetDependency */ = {
			isa = PBXTargetDependency;
			target = FBE4EAFD1E4F552D008E1225 /* RSSFeeder */;
			targetProxy = FBE4EB211E4F552E008E1225 /* PBXContainerItemProxy */;
		};
/* End PBXTargetDependency section */

/* Begin PBXVariantGroup section */
		FBE4EB051E4F552D008E1225 /* Main.storyboard */ = {
			isa = PBXVariantGroup;
			children = (
				FBE4EB061E4F552D008E1225 /* Base */,
			);
			name = Main.storyboard;
			sourceTree = "<group>";
		};
		FBE4EB0D1E4F552D008E1225 /* LaunchScreen.storyboard */ = {
			isa = PBXVariantGroup;
			children = (
				FBE4EB0E1E4F552D008E1225 /* Base */,
			);
			name = LaunchScreen.storyboard;
			sourceTree = "<group>";
		};
/* End PBXVariantGroup section */

/* Begin XCBuildConfiguration section */
		FBE4EB271E4F552E008E1225 /* Debug */ = {
			isa = XCBuildConfiguration;
			buildSettings = {
				ALWAYS_SEARCH_USER_PATHS = NO;
				CLANG_ANALYZER_NONNULL = YES;
				CLANG_CXX_LANGUAGE_STANDARD = "gnu++0x";
				CLANG_CXX_LIBRARY = "libc++";
				CLANG_ENABLE_MODULES = YES;
				CLANG_ENABLE_OBJC_ARC = YES;
				CLANG_WARN_BOOL_CONVERSION = YES;
				CLANG_WARN_CONSTANT_CONVERSION = YES;
				CLANG_WARN_DIRECT_OBJC_ISA_USAGE = YES_ERROR;
				CLANG_WARN_DOCUMENTATION_COMMENTS = YES;
				CLANG_WARN_EMPTY_BODY = YES;
				CLANG_WARN_ENUM_CONVERSION = YES;
				CLANG_WARN_INFINITE_RECURSION = YES;
				CLANG_WARN_INT_CONVERSION = YES;
				CLANG_WARN_OBJC_ROOT_CLASS = YES_ERROR;
				CLANG_WARN_SUSPICIOUS_MOVE = YES;
				CLANG_WARN_UNREACHABLE_CODE = YES;
				CLANG_WARN__DUPLICATE_METHOD_MATCH = YES;
				"CODE_SIGN_IDENTITY[sdk=iphoneos*]" = "iPhone Developer";
				COPY_PHASE_STRIP = NO;
				DEBUG_INFORMATION_FORMAT = dwarf;
				ENABLE_STRICT_OBJC_MSGSEND = YES;
				ENABLE_TESTABILITY = YES;
				GCC_C_LANGUAGE_STANDARD = gnu99;
				GCC_DYNAMIC_NO_PIC = NO;
				GCC_NO_COMMON_BLOCKS = YES;
				GCC_OPTIMIZATION_LEVEL = 0;
				GCC_PREPROCESSOR_DEFINITIONS = (
					"DEBUG=1",
					"$(inherited)",
				);
				GCC_WARN_64_TO_32_BIT_CONVERSION = YES;
				GCC_WARN_ABOUT_RETURN_TYPE = YES_ERROR;
				GCC_WARN_UNDECLARED_SELECTOR = YES;
				GCC_WARN_UNINITIALIZED_AUTOS = YES_AGGRESSIVE;
				GCC_WARN_UNUSED_FUNCTION = YES;
				GCC_WARN_UNUSED_VARIABLE = YES;
				IPHONEOS_DEPLOYMENT_TARGET = 10.2;
				MTL_ENABLE_DEBUG_INFO = YES;
				ONLY_ACTIVE_ARCH = YES;
				SDKROOT = iphoneos;
				SWIFT_ACTIVE_COMPILATION_CONDITIONS = DEBUG;
				SWIFT_OPTIMIZATION_LEVEL = "-Onone";
			};
			name = Debug;
		};
		FBE4EB281E4F552E008E1225 /* Release */ = {
			isa = XCBuildConfiguration;
			buildSettings = {
				ALWAYS_SEARCH_USER_PATHS = NO;
				CLANG_ANALYZER_NONNULL = YES;
				CLANG_CXX_LANGUAGE_STANDARD = "gnu++0x";
				CLANG_CXX_LIBRARY = "libc++";
				CLANG_ENABLE_MODULES = YES;
				CLANG_ENABLE_OBJC_ARC = YES;
				CLANG_WARN_BOOL_CONVERSION = YES;
				CLANG_WARN_CONSTANT_CONVERSION = YES;
				CLANG_WARN_DIRECT_OBJC_ISA_USAGE = YES_ERROR;
				CLANG_WARN_DOCUMENTATION_COMMENTS = YES;
				CLANG_WARN_EMPTY_BODY = YES;
				CLANG_WARN_ENUM_CONVERSION = YES;
				CLANG_WARN_INFINITE_RECURSION = YES;
				CLANG_WARN_INT_CONVERSION = YES;
				CLANG_WARN_OBJC_ROOT_CLASS = YES_ERROR;
				CLANG_WARN_SUSPICIOUS_MOVE = YES;
				CLANG_WARN_UNREACHABLE_CODE = YES;
				CLANG_WARN__DUPLICATE_METHOD_MATCH = YES;
				"CODE_SIGN_IDENTITY[sdk=iphoneos*]" = "iPhone Developer";
				COPY_PHASE_STRIP = NO;
				DEBUG_INFORMATION_FORMAT = "dwarf-with-dsym";
				ENABLE_NS_ASSERTIONS = NO;
				ENABLE_STRICT_OBJC_MSGSEND = YES;
				GCC_C_LANGUAGE_STANDARD = gnu99;
				GCC_NO_COMMON_BLOCKS = YES;
				GCC_WARN_64_TO_32_BIT_CONVERSION = YES;
				GCC_WARN_ABOUT_RETURN_TYPE = YES_ERROR;
				GCC_WARN_UNDECLARED_SELECTOR = YES;
				GCC_WARN_UNINITIALIZED_AUTOS = YES_AGGRESSIVE;
				GCC_WARN_UNUSED_FUNCTION = YES;
				GCC_WARN_UNUSED_VARIABLE = YES;
				IPHONEOS_DEPLOYMENT_TARGET = 10.2;
				MTL_ENABLE_DEBUG_INFO = NO;
				SDKROOT = iphoneos;
				SWIFT_OPTIMIZATION_LEVEL = "-Owholemodule";
				VALIDATE_PRODUCT = YES;
			};
			name = Release;
		};
		FBE4EB2A1E4F552E008E1225 /* Debug */ = {
			isa = XCBuildConfiguration;
			buildSettings = {
				ASSETCATALOG_COMPILER_APPICON_NAME = AppIcon;
				DEVELOPMENT_TEAM = WXQWHGM435;
				FRAMEWORK_SEARCH_PATHS = (
					"$(inherited)",
					"$(PROJECT_DIR)/RSSFeeder",
				);
				INFOPLIST_FILE = RSSFeeder/Info.plist;
				IPHONEOS_DEPLOYMENT_TARGET = 8.0;
				LD_RUNPATH_SEARCH_PATHS = "$(inherited) @executable_path/Frameworks";
				PRODUCT_BUNDLE_IDENTIFIER = rysk.RSSFeeder;
				PRODUCT_NAME = "$(TARGET_NAME)";
				SWIFT_VERSION = 3.0;
			};
			name = Debug;
		};
		FBE4EB2B1E4F552E008E1225 /* Release */ = {
			isa = XCBuildConfiguration;
			buildSettings = {
				ASSETCATALOG_COMPILER_APPICON_NAME = AppIcon;
				DEVELOPMENT_TEAM = WXQWHGM435;
				FRAMEWORK_SEARCH_PATHS = (
					"$(inherited)",
					"$(PROJECT_DIR)/RSSFeeder",
				);
				INFOPLIST_FILE = RSSFeeder/Info.plist;
				IPHONEOS_DEPLOYMENT_TARGET = 8.0;
				LD_RUNPATH_SEARCH_PATHS = "$(inherited) @executable_path/Frameworks";
				PRODUCT_BUNDLE_IDENTIFIER = rysk.RSSFeeder;
				PRODUCT_NAME = "$(TARGET_NAME)";
				SWIFT_VERSION = 3.0;
			};
			name = Release;
		};
		FBE4EB2D1E4F552E008E1225 /* Debug */ = {
			isa = XCBuildConfiguration;
			buildSettings = {
				ALWAYS_EMBED_SWIFT_STANDARD_LIBRARIES = YES;
				BUNDLE_LOADER = "$(TEST_HOST)";
				DEVELOPMENT_TEAM = WXQWHGM435;
				INFOPLIST_FILE = RSSFeederTests/Info.plist;
				LD_RUNPATH_SEARCH_PATHS = "$(inherited) @executable_path/Frameworks @loader_path/Frameworks";
				PRODUCT_BUNDLE_IDENTIFIER = rysk.RSSFeederTests;
				PRODUCT_NAME = "$(TARGET_NAME)";
				SWIFT_VERSION = 3.0;
				TEST_HOST = "$(BUILT_PRODUCTS_DIR)/RSSFeeder.app/RSSFeeder";
			};
			name = Debug;
		};
		FBE4EB2E1E4F552E008E1225 /* Release */ = {
			isa = XCBuildConfiguration;
			buildSettings = {
				ALWAYS_EMBED_SWIFT_STANDARD_LIBRARIES = YES;
				BUNDLE_LOADER = "$(TEST_HOST)";
				DEVELOPMENT_TEAM = WXQWHGM435;
				INFOPLIST_FILE = RSSFeederTests/Info.plist;
				LD_RUNPATH_SEARCH_PATHS = "$(inherited) @executable_path/Frameworks @loader_path/Frameworks";
				PRODUCT_BUNDLE_IDENTIFIER = rysk.RSSFeederTests;
				PRODUCT_NAME = "$(TARGET_NAME)";
				SWIFT_VERSION = 3.0;
				TEST_HOST = "$(BUILT_PRODUCTS_DIR)/RSSFeeder.app/RSSFeeder";
			};
			name = Release;
		};
		FBE4EB301E4F552E008E1225 /* Debug */ = {
			isa = XCBuildConfiguration;
			buildSettings = {
				ALWAYS_EMBED_SWIFT_STANDARD_LIBRARIES = YES;
				DEVELOPMENT_TEAM = WXQWHGM435;
				INFOPLIST_FILE = RSSFeederUITests/Info.plist;
				LD_RUNPATH_SEARCH_PATHS = "$(inherited) @executable_path/Frameworks @loader_path/Frameworks";
				PRODUCT_BUNDLE_IDENTIFIER = rysk.RSSFeederUITests;
				PRODUCT_NAME = "$(TARGET_NAME)";
				SWIFT_VERSION = 3.0;
				TEST_TARGET_NAME = RSSFeeder;
			};
			name = Debug;
		};
		FBE4EB311E4F552E008E1225 /* Release */ = {
			isa = XCBuildConfiguration;
			buildSettings = {
				ALWAYS_EMBED_SWIFT_STANDARD_LIBRARIES = YES;
				DEVELOPMENT_TEAM = WXQWHGM435;
				INFOPLIST_FILE = RSSFeederUITests/Info.plist;
				LD_RUNPATH_SEARCH_PATHS = "$(inherited) @executable_path/Frameworks @loader_path/Frameworks";
				PRODUCT_BUNDLE_IDENTIFIER = rysk.RSSFeederUITests;
				PRODUCT_NAME = "$(TARGET_NAME)";
				SWIFT_VERSION = 3.0;
				TEST_TARGET_NAME = RSSFeeder;
			};
			name = Release;
		};
/* End XCBuildConfiguration section */

/* Begin XCConfigurationList section */
		FBE4EAF91E4F552D008E1225 /* Build configuration list for PBXProject "RSSFeeder" */ = {
			isa = XCConfigurationList;
			buildConfigurations = (
				FBE4EB271E4F552E008E1225 /* Debug */,
				FBE4EB281E4F552E008E1225 /* Release */,
			);
			defaultConfigurationIsVisible = 0;
			defaultConfigurationName = Release;
		};
		FBE4EB291E4F552E008E1225 /* Build configuration list for PBXNativeTarget "RSSFeeder" */ = {
			isa = XCConfigurationList;
			buildConfigurations = (
				FBE4EB2A1E4F552E008E1225 /* Debug */,
				FBE4EB2B1E4F552E008E1225 /* Release */,
			);
			defaultConfigurationIsVisible = 0;
		};
		FBE4EB2C1E4F552E008E1225 /* Build configuration list for PBXNativeTarget "RSSFeederTests" */ = {
			isa = XCConfigurationList;
			buildConfigurations = (
				FBE4EB2D1E4F552E008E1225 /* Debug */,
				FBE4EB2E1E4F552E008E1225 /* Release */,
			);
			defaultConfigurationIsVisible = 0;
		};
		FBE4EB2F1E4F552E008E1225 /* Build configuration list for PBXNativeTarget "RSSFeederUITests" */ = {
			isa = XCConfigurationList;
			buildConfigurations = (
				FBE4EB301E4F552E008E1225 /* Debug */,
				FBE4EB311E4F552E008E1225 /* Release */,
			);
			defaultConfigurationIsVisible = 0;
		};
/* End XCConfigurationList section */

/* Begin XCVersionGroup section */
		FBE4EB081E4F552D008E1225 /* RSSFeeder.xcdatamodeld */ = {
			isa = XCVersionGroup;
			children = (
				FBE4EB091E4F552D008E1225 /* RSSFeeder.xcdatamodel */,
			);
			currentVersion = FBE4EB091E4F552D008E1225 /* RSSFeeder.xcdatamodel */;
			path = RSSFeeder.xcdatamodeld;
			sourceTree = "<group>";
			versionGroupType = wrapper.xcdatamodel;
		};
/* End XCVersionGroup section */
	};
	rootObject = FBE4EAF61E4F552D008E1225 /* Project object */;
}
